
Microsoft Visual Studio Solution File, Format Version 12.00
# Visual Studio Version 17
VisualStudioVersion = 17.6.33815.320
MinimumVisualStudioVersion = 10.0.40219.1
Project("{8BC9CEB8-8B4A-11D0-8D11-00A0C91BC942}") = "SortingAnalysis", "SortingAnalysis\SortingAnalysis.vcxproj", "{12D2F15C-FADE-4E54-AF30-E44FD43E4FFE}"
EndProject
Project("{8BC9CEB8-8B4A-11D0-8D11-00A0C91BC942}") = "Test", "Test\Test.vcxproj", "{823D2C4F-4E5A-45BF-B256-52E511CF74A0}"
EndProject
Global
	GlobalSection(SolutionConfigurationPlatforms) = preSolution
		Debug|x64 = Debug|x64
		Debug|x86 = Debug|x86
		Release|x64 = Release|x64
		Release|x86 = Release|x86
	EndGlobalSection
	GlobalSection(ProjectConfigurationPlatforms) = postSolution
		{12D2F15C-FADE-4E54-AF30-E44FD43E4FFE}.Debug|x64.ActiveCfg = Debug|x64
		{12D2F15C-FADE-4E54-AF30-E44FD43E4FFE}.Debug|x64.Build.0 = Debug|x64
		{12D2F15C-FADE-4E54-AF30-E44FD43E4FFE}.Debug|x86.ActiveCfg = Debug|Win32
		{12D2F15C-FADE-4E54-AF30-E44FD43E4FFE}.Debug|x86.Build.0 = Debug|Win32
		{12D2F15C-FADE-4E54-AF30-E44FD43E4FFE}.Release|x64.ActiveCfg = Release|x64
		{12D2F15C-FADE-4E54-AF30-E44FD43E4FFE}.Release|x64.Build.0 = Release|x64
		{12D2F15C-FADE-4E54-AF30-E44FD43E4FFE}.Release|x86.ActiveCfg = Release|Win32
		{12D2F15C-FADE-4E54-AF30-E44FD43E4FFE}.Release|x86.Build.0 = Release|Win32
		{823D2C4F-4E5A-45BF-B256-52E511CF74A0}.Debug|x64.ActiveCfg = Debug|x64
		{823D2C4F-4E5A-45BF-B256-52E511CF74A0}.Debug|x64.Build.0 = Debug|x64
		{823D2C4F-4E5A-45BF-B256-52E511CF74A0}.Debug|x86.ActiveCfg = Debug|Win32
		{823D2C4F-4E5A-45BF-B256-52E511CF74A0}.Debug|x86.Build.0 = Debug|Win32
		{823D2C4F-4E5A-45BF-B256-52E511CF74A0}.Release|x64.ActiveCfg = Release|x64
		{823D2C4F-4E5A-45BF-B256-52E511CF74A0}.Release|x64.Build.0 = Release|x64
		{823D2C4F-4E5A-45BF-B256-52E511CF74A0}.Release|x86.ActiveCfg = Release|Win32
		{823D2C4F-4E5A-45BF-B256-52E511CF74A0}.Release|x86.Build.0 = Release|Win32
	EndGlobalSection
	GlobalSection(SolutionProperties) = preSolution
		HideSolutionNode = FALSE
	EndGlobalSection
	GlobalSection(ExtensibilityGlobals) = postSolution
		SolutionGuid = {74A9A77A-269B-40A3-A9AC-FF248A5760EF}
	EndGlobalSection
EndGlobal
